
Microsoft Visual Studio Solution File, Format Version 12.00
# Visual Studio Version 17
VisualStudioVersion = 17.8.34322.80
MinimumVisualStudioVersion = 10.0.40219.1
Project("{9A19103F-16F7-4668-BE54-9A1E7A4F7556}") = "WebApplication1", "WebApplication1.csproj", "{73F6214B-A823-4174-AF8D-D58A2F65DA87}"
EndProject
Global
	GlobalSection(SolutionConfigurationPlatforms) = preSolution
		Debug|Any CPU = Debug|Any CPU
		Release|Any CPU = Release|Any CPU
	EndGlobalSection
	GlobalSection(ProjectConfigurationPlatforms) = postSolution
		{73F6214B-A823-4174-AF8D-D58A2F65DA87}.Debug|Any CPU.ActiveCfg = Debug|Any CPU
		{73F6214B-A823-4174-AF8D-D58A2F65DA87}.Debug|Any CPU.Build.0 = Debug|Any CPU
		{73F6214B-A823-4174-AF8D-D58A2F65DA87}.Release|Any CPU.ActiveCfg = Release|Any CPU
		{73F6214B-A823-4174-AF8D-D58A2F65DA87}.Release|Any CPU.Build.0 = Release|Any CPU
	EndGlobalSection
	GlobalSection(SolutionProperties) = preSolution
		HideSolutionNode = FALSE
	EndGlobalSection
	GlobalSection(ExtensibilityGlobals) = postSolution
		SolutionGuid = {4D1808F4-5324-4A1A-856C-579C666F27C2}
	EndGlobalSection
EndGlobal
